// !$*UTF8*$!
{
	archiveVersion = 1;
	classes = {
	};
	objectVersion = 46;
	objects = {

/* Begin PBXBuildFile section */
		63F789CC1DAE2FF8006311B0 /* main.m in Sources */ = {isa = PBXBuildFile; fileRef = 63F789CB1DAE2FF8006311B0 /* main.m */; };
		63F789CF1DAE2FF8006311B0 /* AppDelegate.m in Sources */ = {isa = PBXBuildFile; fileRef = 63F789CE1DAE2FF8006311B0 /* AppDelegate.m */; };
		63F789D21DAE2FF9006311B0 /* ViewController.m in Sources */ = {isa = PBXBuildFile; fileRef = 63F789D11DAE2FF9006311B0 /* ViewController.m */; };
		63F789D51DAE2FF9006311B0 /* Main.storyboard in Resources */ = {isa = PBXBuildFile; fileRef = 63F789D31DAE2FF9006311B0 /* Main.storyboard */; };
		63F789D71DAE2FF9006311B0 /* Assets.xcassets in Resources */ = {isa = PBXBuildFile; fileRef = 63F789D61DAE2FF9006311B0 /* Assets.xcassets */; };
		63F789DA1DAE2FF9006311B0 /* LaunchScreen.storyboard in Resources */ = {isa = PBXBuildFile; fileRef = 63F789D81DAE2FF9006311B0 /* LaunchScreen.storyboard */; };
		63F789E21DAE3D8C006311B0 /* MapKit.framework in Frameworks */ = {isa = PBXBuildFile; fileRef = 63F789E11DAE3D8C006311B0 /* MapKit.framework */; };
		63F789E41DAE3D98006311B0 /* CoreLocation.framework in Frameworks */ = {isa = PBXBuildFile; fileRef = 63F789E31DAE3D98006311B0 /* CoreLocation.framework */; };
/* End PBXBuildFile section */

/* Begin PBXFileReference section */
		63F789C71DAE2FF8006311B0 /* JCMapView.app */ = {isa = PBXFileReference; explicitFileType = wrapper.application; includeInIndex = 0; path = JCMapView.app; sourceTree = BUILT_PRODUCTS_DIR; };
		63F789CB1DAE2FF8006311B0 /* main.m */ = {isa = PBXFileReference; lastKnownFileType = sourcecode.c.objc; path = main.m; sourceTree = "<group>"; };
		63F789CD1DAE2FF8006311B0 /* AppDelegate.h */ = {isa = PBXFileReference; lastKnownFileType = sourcecode.c.h; path = AppDelegate.h; sourceTree = "<group>"; };
		63F789CE1DAE2FF8006311B0 /* AppDelegate.m */ = {isa = PBXFileReference; lastKnownFileType = sourcecode.c.objc; path = AppDelegate.m; sourceTree = "<group>"; };
		63F789D01DAE2FF8006311B0 /* ViewController.h */ = {isa = PBXFileReference; lastKnownFileType = sourcecode.c.h; path = ViewController.h; sourceTree = "<group>"; };
		63F789D11DAE2FF9006311B0 /* ViewController.m */ = {isa = PBXFileReference; lastKnownFileType = sourcecode.c.objc; path = ViewController.m; sourceTree = "<group>"; };
		63F789D41DAE2FF9006311B0 /* Base */ = {isa = PBXFileReference; lastKnownFileType = file.storyboard; name = Base; path = Base.lproj/Main.storyboard; sourceTree = "<group>"; };
		63F789D61DAE2FF9006311B0 /* Assets.xcassets */ = {isa = PBXFileReference; lastKnownFileType = folder.assetcatalog; path = Assets.xcassets; sourceTree = "<group>"; };
		63F789D91DAE2FF9006311B0 /* Base */ = {isa = PBXFileReference; lastKnownFileType = file.storyboard; name = Base; path = Base.lproj/LaunchScreen.storyboard; sourceTree = "<group>"; };
		63F789DB1DAE2FF9006311B0 /* Info.plist */ = {isa = PBXFileReference; lastKnownFileType = text.plist.xml; path = Info.plist; sourceTree = "<group>"; };
		63F789E11DAE3D8C006311B0 /* MapKit.framework */ = {isa = PBXFileReference; lastKnownFileType = wrapper.framework; name = MapKit.framework; path = System/Library/Frameworks/MapKit.framework; sourceTree = SDKROOT; };
		63F789E31DAE3D98006311B0 /* CoreLocation.framework */ = {isa = PBXFileReference; lastKnownFileType = wrapper.framework; name = CoreLocation.framework; path = System/Library/Frameworks/CoreLocation.framework; sourceTree = SDKROOT; };
/* End PBXFileReference section */

/* Begin PBXFrameworksBuildPhase section */
		63F789C41DAE2FF8006311B0 /* Frameworks */ = {
			isa = PBXFrameworksBuildPhase;
			buildActionMask = 2147483647;
			files = (
				63F789E41DAE3D98006311B0 /* CoreLocation.framework in Frameworks */,
				63F789E21DAE3D8C006311B0 /* MapKit.framework in Frameworks */,
			);
			runOnlyForDeploymentPostprocessing = 0;
		};
/* End PBXFrameworksBuildPhase section */

/* Begin PBXGroup section */
		63F789BE1DAE2FF8006311B0 = {
			isa = PBXGroup;
			children = (
				63F789E31DAE3D98006311B0 /* CoreLocation.framework */,
				63F789E11DAE3D8C006311B0 /* MapKit.framework */,
				63F789C91DAE2FF8006311B0 /* JCMapView */,
				63F789C81DAE2FF8006311B0 /* Products */,
			);
			sourceTree = "<group>";
		};
		63F789C81DAE2FF8006311B0 /* Products */ = {
			isa = PBXGroup;
			children = (
				63F789C71DAE2FF8006311B0 /* JCMapView.app */,
			);
			name = Products;
			sourceTree = "<group>";
		};
		63F789C91DAE2FF8006311B0 /* JCMapView */ = {
			isa = PBXGroup;
			children = (
				63F789CD1DAE2FF8006311B0 /* AppDelegate.h */,
				63F789CE1DAE2FF8006311B0 /* AppDelegate.m */,
				63F789D01DAE2FF8006311B0 /* ViewController.h */,
				63F789D11DAE2FF9006311B0 /* ViewController.m */,
				63F789D31DAE2FF9006311B0 /* Main.storyboard */,
				63F789D61DAE2FF9006311B0 /* Assets.xcassets */,
				63F789D81DAE2FF9006311B0 /* LaunchScreen.storyboard */,
				63F789DB1DAE2FF9006311B0 /* Info.plist */,
				63F789CA1DAE2FF8006311B0 /* Supporting Files */,
			);
			path = JCMapView;
			sourceTree = "<group>";
		};
		63F789CA1DAE2FF8006311B0 /* Supporting Files */ = {
			isa = PBXGroup;
			children = (
				63F789CB1DAE2FF8006311B0 /* main.m */,
			);
			name = "Supporting Files";
			sourceTree = "<group>";
		};
/* End PBXGroup section */

/* Begin PBXNativeTarget section */
		63F789C61DAE2FF8006311B0 /* JCMapView */ = {
			isa = PBXNativeTarget;
			buildConfigurationList = 63F789DE1DAE2FF9006311B0 /* Build configuration list for PBXNativeTarget "JCMapView" */;
			buildPhases = (
				63F789C31DAE2FF8006311B0 /* Sources */,
				63F789C41DAE2FF8006311B0 /* Frameworks */,
				63F789C51DAE2FF8006311B0 /* Resources */,
			);
			buildRules = (
			);
			dependencies = (
			);
			name = JCMapView;
			productName = JCMapView;
			productReference = 63F789C71DAE2FF8006311B0 /* JCMapView.app */;
			productType = "com.apple.product-type.application";
		};
/* End PBXNativeTarget section */

/* Begin PBXProject section */
		63F789BF1DAE2FF8006311B0 /* Project object */ = {
			isa = PBXProject;
			attributes = {
				LastUpgradeCheck = 0730;
				ORGANIZATIONNAME = "Jivan Chaudhari";
				TargetAttributes = {
					63F789C61DAE2FF8006311B0 = {
						CreatedOnToolsVersion = 7.3.1;
					};
				};
			};
			buildConfigurationList = 63F789C21DAE2FF8006311B0 /* Build configuration list for PBXProject "JCMapView" */;
			compatibilityVersion = "Xcode 3.2";
			developmentRegion = English;
			hasScannedForEncodings = 0;
			knownRegions = (
				en,
				Base,
			);
			mainGroup = 63F789BE1DAE2FF8006311B0;
			productRefGroup = 63F789C81DAE2FF8006311B0 /* Products */;
			projectDirPath = "";
			projectRoot = "";
			targets = (
				63F789C61DAE2FF8006311B0 /* JCMapView */,
			);
		};
/* End PBXProject section */

/* Begin PBXResourcesBuildPhase section */
		63F789C51DAE2FF8006311B0 /* Resources */ = {
			isa = PBXResourcesBuildPhase;
			buildActionMask = 2147483647;
			files = (
				63F789DA1DAE2FF9006311B0 /* LaunchScreen.storyboard in Resources */,
				63F789D71DAE2FF9006311B0 /* Assets.xcassets in Resources */,
				63F789D51DAE2FF9006311B0 /* Main.storyboard in Resources */,
			);
			runOnlyForDeploymentPostprocessing = 0;
		};
/* End PBXResourcesBuildPhase section */

/* Begin PBXSourcesBuildPhase section */
		63F789C31DAE2FF8006311B0 /* Sources */ = {
			isa = PBXSourcesBuildPhase;
			buildActionMask = 2147483647;
			files = (
				63F789D21DAE2FF9006311B0 /* ViewController.m in Sources */,
				63F789CF1DAE2FF8006311B0 /* AppDelegate.m in Sources */,
				63F789CC1DAE2FF8006311B0 /* main.m in Sources */,
			);
			runOnlyForDeploymentPostprocessing = 0;
		};
/* End PBXSourcesBuildPhase section */

/* Begin PBXVariantGroup section */
		63F789D31DAE2FF9006311B0 /* Main.storyboard */ = {
			isa = PBXVariantGroup;
			children = (
				63F789D41DAE2FF9006311B0 /* Base */,
			);
			name = Main.storyboard;
			sourceTree = "<group>";
		};
		63F789D81DAE2FF9006311B0 /* LaunchScreen.storyboard */ = {
			isa = PBXVariantGroup;
			children = (
				63F789D91DAE2FF9006311B0 /* Base */,
			);
			name = LaunchScreen.storyboard;
			sourceTree = "<group>";
		};
/* End PBXVariantGroup section */

/* Begin XCBuildConfiguration section */
		63F789DC1DAE2FF9006311B0 /* Debug */ = {
			isa = XCBuildConfiguration;
			buildSettings = {
				ALWAYS_SEARCH_USER_PATHS = NO;
				CLANG_ANALYZER_NONNULL = YES;
				CLANG_CXX_LANGUAGE_STANDARD = "gnu++0x";
				CLANG_CXX_LIBRARY = "libc++";
				CLANG_ENABLE_MODULES = YES;
				CLANG_ENABLE_OBJC_ARC = YES;
				CLANG_WARN_BOOL_CONVERSION = YES;
				CLANG_WARN_CONSTANT_CONVERSION = YES;
				CLANG_WARN_DIRECT_OBJC_ISA_USAGE = YES_ERROR;
				CLANG_WARN_EMPTY_BODY = YES;
				CLANG_WARN_ENUM_CONVERSION = YES;
				CLANG_WARN_INT_CONVERSION = YES;
				CLANG_WARN_OBJC_ROOT_CLASS = YES_ERROR;
				CLANG_WARN_UNREACHABLE_CODE = YES;
				CLANG_WARN__DUPLICATE_METHOD_MATCH = YES;
				"CODE_SIGN_IDENTITY[sdk=iphoneos*]" = "iPhone Developer";
				COPY_PHASE_STRIP = NO;
				DEBUG_INFORMATION_FORMAT = dwarf;
				ENABLE_STRICT_OBJC_MSGSEND = YES;
				ENABLE_TESTABILITY = YES;
				GCC_C_LANGUAGE_STANDARD = gnu99;
				GCC_DYNAMIC_NO_PIC = NO;
				GCC_NO_COMMON_BLOCKS = YES;
				GCC_OPTIMIZATION_LEVEL = 0;
				GCC_PREPROCESSOR_DEFINITIONS = (
					"DEBUG=1",
					"$(inherited)",
				);
				GCC_WARN_64_TO_32_BIT_CONVERSION = YES;
				GCC_WARN_ABOUT_RETURN_TYPE = YES_ERROR;
				GCC_WARN_UNDECLARED_SELECTOR = YES;
				GCC_WARN_UNINITIALIZED_AUTOS = YES_AGGRESSIVE;
				GCC_WARN_UNUSED_FUNCTION = YES;
				GCC_WARN_UNUSED_VARIABLE = YES;
				IPHONEOS_DEPLOYMENT_TARGET = 9.3;
				MTL_ENABLE_DEBUG_INFO = YES;
				ONLY_ACTIVE_ARCH = YES;
				SDKROOT = iphoneos;
				TARGETED_DEVICE_FAMILY = "1,2";
			};
			name = Debug;
		};
		63F789DD1DAE2FF9006311B0 /* Release */ = {
			isa = XCBuildConfiguration;
			buildSettings = {
				ALWAYS_SEARCH_USER_PATHS = NO;
				CLANG_ANALYZER_NONNULL = YES;
				CLANG_CXX_LANGUAGE_STANDARD = "gnu++0x";
				CLANG_CXX_LIBRARY = "libc++";
				CLANG_ENABLE_MODULES = YES;
				CLANG_ENABLE_OBJC_ARC = YES;
				CLANG_WARN_BOOL_CONVERSION = YES;
				CLANG_WARN_CONSTANT_CONVERSION = YES;
				CLANG_WARN_DIRECT_OBJC_ISA_USAGE = YES_ERROR;
				CLANG_WARN_EMPTY_BODY = YES;
				CLANG_WARN_ENUM_CONVERSION = YES;
				CLANG_WARN_INT_CONVERSION = YES;
				CLANG_WARN_OBJC_ROOT_CLASS = YES_ERROR;
				CLANG_WARN_UNREACHABLE_CODE = YES;
				CLANG_WARN__DUPLICATE_METHOD_MATCH = YES;
				"CODE_SIGN_IDENTITY[sdk=iphoneos*]" = "iPhone Developer";
				COPY_PHASE_STRIP = NO;
				DEBUG_INFORMATION_FORMAT = "dwarf-with-dsym";
				ENABLE_NS_ASSERTIONS = NO;
				ENABLE_STRICT_OBJC_MSGSEND = YES;
				GCC_C_LANGUAGE_STANDARD = gnu99;
				GCC_NO_COMMON_BLOCKS = YES;
				GCC_WARN_64_TO_32_BIT_CONVERSION = YES;
				GCC_WARN_ABOUT_RETURN_TYPE = YES_ERROR;
				GCC_WARN_UNDECLARED_SELECTOR = YES;
				GCC_WARN_UNINITIALIZED_AUTOS = YES_AGGRESSIVE;
				GCC_WARN_UNUSED_FUNCTION = YES;
				GCC_WARN_UNUSED_VARIABLE = YES;
				IPHONEOS_DEPLOYMENT_TARGET = 9.3;
				MTL_ENABLE_DEBUG_INFO = NO;
				SDKROOT = iphoneos;
				TARGETED_DEVICE_FAMILY = "1,2";
				VALIDATE_PRODUCT = YES;
			};
			name = Release;
		};
		63F789DF1DAE2FF9006311B0 /* Debug */ = {
			isa = XCBuildConfiguration;
			buildSettings = {
				ASSETCATALOG_COMPILER_APPICON_NAME = AppIcon;
				INFOPLIST_FILE = JCMapView/Info.plist;
				LD_RUNPATH_SEARCH_PATHS = "$(inherited) @executable_path/Frameworks";
				PRODUCT_BUNDLE_IDENTIFIER = com.jivanchaudhari.JCMapView;
				PRODUCT_NAME = "$(TARGET_NAME)";
			};
			name = Debug;
		};
		63F789E01DAE2FF9006311B0 /* Release */ = {
			isa = XCBuildConfiguration;
			buildSettings = {
				ASSETCATALOG_COMPILER_APPICON_NAME = AppIcon;
				INFOPLIST_FILE = JCMapView/Info.plist;
				LD_RUNPATH_SEARCH_PATHS = "$(inherited) @executable_path/Frameworks";
				PRODUCT_BUNDLE_IDENTIFIER = com.jivanchaudhari.JCMapView;
				PRODUCT_NAME = "$(TARGET_NAME)";
			};
			name = Release;
		};
/* End XCBuildConfiguration section */

/* Begin XCConfigurationList section */
		63F789C21DAE2FF8006311B0 /* Build configuration list for PBXProject "JCMapView" */ = {
			isa = XCConfigurationList;
			buildConfigurations = (
				63F789DC1DAE2FF9006311B0 /* Debug */,
				63F789DD1DAE2FF9006311B0 /* Release */,
			);
			defaultConfigurationIsVisible = 0;
			defaultConfigurationName = Release;
		};
		63F789DE1DAE2FF9006311B0 /* Build configuration list for PBXNativeTarget "JCMapView" */ = {
			isa = XCConfigurationList;
			buildConfigurations = (
				63F789DF1DAE2FF9006311B0 /* Debug */,
				63F789E01DAE2FF9006311B0 /* Release */,
			);
			defaultConfigurationIsVisible = 0;
		};
/* End XCConfigurationList section */
	};
	rootObject = 63F789BF1DAE2FF8006311B0 /* Project object */;
}
